<?xml version="1.0" encoding="utf-8"?>
<Project ToolsVersion="4.0" xmlns="http://schemas.microsoft.com/developer/msbuild/2003">
  <ItemGroup>
    <Filter Include="Source Files">
      <UniqueIdentifier>{4FC737F1-C7A5-4376-A066-2A32D752A2FF}</UniqueIdentifier>
      <Extensions>cpp;c;cc;cxx;def;odl;idl;hpj;bat;asm;asmx</Extensions>
    </Filter>
    <Filter Include="Header Files">
      <UniqueIdentifier>{93995380-89BD-4b04-88EB-625FBE52EBFB}</UniqueIdentifier>
      <Extensions>h;hh;hpp;hxx;hm;inl;inc;xsd</Extensions>
    </Filter>
    <Filter Include="Resource Files">
      <UniqueIdentifier>{67DA6AB6-F800-4c08-8B7A-83BB121AAD01}</UniqueIdentifier>
      <Extensions>rc;ico;cur;bmp;dlg;rc2;rct;bin;rgs;gif;jpg;jpeg;jpe;resx;tiff;tif;png;wav</Extensions>
    </Filter>
  </ItemGroup>
  <ItemGroup>
    <ClCompile Include="src\pcRTMax.cpp">
      <Filter>Source Files</Filter>
    </ClCompile>
  </ItemGroup>
  <ItemGroup>
    <ClInclude Include="src\alsa.h">
      <Filter>Header Files</Filter>
    </ClInclude>
    <ClInclude Include="src\buffers.h">
      <Filter>Header Files</Filter>
    </ClInclude>
    <ClInclude Include="src\pa_linux_alsa.h">
      <Filter>Header Files</Filter>
    </ClInclude>
    <ClInclude Include="src\pa_mac_core.h">
      <Filter>Header Files</Filter>
    </ClInclude>
    <ClInclude Include="src\partconv.h">
      <Filter>Header Files</Filter>
    </ClInclude>
    <ClInclude Include="src\partconvMax.h">
      <Filter>Header Files</Filter>
    </ClInclude>
    <ClInclude Include="src\partconvMulti.h">
      <Filter>Header Files</Filter>
    </ClInclude>
    <ClInclude Include="src\partconvMulti_cuda.h">
      <Filter>Header Files</Filter>
    </ClInclude>
    <ClInclude Include="src\runlevel.h">
      <Filter>Header Files</Filter>
    </ClInclude>
    <ClInclude Include="src\sigproc_util.h">
      <Filter>Header Files</Filter>
    </ClInclude>
    <ClInclude Include="src\sndtools.h">
      <Filter>Header Files</Filter>
    </ClInclude>
    <ClInclude Include="src\threading.h">
      <Filter>Header Files</Filter>
    </ClInclude>
    <ClInclude Include="..\portaudio\include\pa_asio.h">
      <Filter>Header Files</Filter>
    </ClInclude>
    <ClInclude Include="..\portaudio\include\portaudio.h">
      <Filter>Header Files</Filter>
    </ClInclude>
    <ClInclude Include="..\libsndfile\src\sndfile.hh">
      <Filter>Header Files</Filter>
    </ClInclude>
    <ClInclude Include="..\time\sys\time.h">
      <Filter>Header Files</Filter>
    </ClInclude>
    <ClInclude Include="..\time\sys\times.h">
      <Filter>Header Files</Filter>
    </ClInclude>
    <ClInclude Include="src\fftw3.h">
      <Filter>Header Files</Filter>
    </ClInclude>
    <ClInclude Include="src\pa_allocation.h">
      <Filter>Header Files</Filter>
    </ClInclude>
    <ClInclude Include="src\pa_asio.h">
      <Filter>Header Files</Filter>
    </ClInclude>
    <ClInclude Include="src\pa_converters.h">
      <Filter>Header Files</Filter>
    </ClInclude>
    <ClInclude Include="src\pa_cpuload.h">
      <Filter>Header Files</Filter>
    </ClInclude>
    <ClInclude Include="src\pa_debugprint.h">
      <Filter>Header Files</Filter>
    </ClInclude>
    <ClInclude Include="src\pa_dither.h">
      <Filter>Header Files</Filter>
    </ClInclude>
    <ClInclude Include="src\pa_endianness.h">
      <Filter>Header Files</Filter>
    </ClInclude>
    <ClInclude Include="src\pa_hostapi.h">
      <Filter>Header Files</Filter>
    </ClInclude>
    <ClInclude Include="src\pa_memorybarrier.h">
      <Filter>Header Files</Filter>
    </ClInclude>
    <ClInclude Include="src\pa_process.h">
      <Filter>Header Files</Filter>
    </ClInclude>
    <ClInclude Include="src\pa_ringbuffer.h">
      <Filter>Header Files</Filter>
    </ClInclude>
    <ClInclude Include="src\pa_stream.h">
      <Filter>Header Files</Filter>
    </ClInclude>
    <ClInclude Include="src\pa_svnrevision.h">
      <Filter>Header Files</Filter>
    </ClInclude>
    <ClInclude Include="src\pa_trace.h">
      <Filter>Header Files</Filter>
    </ClInclude>
    <ClInclude Include="src\pa_types.h">
      <Filter>Header Files</Filter>
    </ClInclude>
    <ClInclude Include="src\pa_util.h">
      <Filter>Header Files</Filter>
    </ClInclude>
    <ClInclude Include="src\pa_win_coinitialize.h">
      <Filter>Header Files</Filter>
    </ClInclude>
    <ClInclude Include="src\pa_x86_plain_converters.h">
      <Filter>Header Files</Filter>
    </ClInclude>
    <ClInclude Include="src\portaudio.h">
      <Filter>Header Files</Filter>
    </ClInclude>
    <ClInclude Include="src\pthread.h">
      <Filter>Header Files</Filter>
    </ClInclude>
    <ClInclude Include="src\sched.h">
      <Filter>Header Files</Filter>
    </ClInclude>
    <ClInclude Include="src\semaphore.h">
      <Filter>Header Files</Filter>
    </ClInclude>
    <ClInclude Include="src\sndfile.h">
      <Filter>Header Files</Filter>
    </ClInclude>
  </ItemGroup>
</Project>